// !$*UTF8*$!
{
	archiveVersion = 1;
	classes = {
	};
	objectVersion = 50;
	objects = {

/* Begin PBXBuildFile section */
		99CCC9B521E799DF0085C7F7 /* AppDelegate.swift in Sources */ = {isa = PBXBuildFile; fileRef = 99CCC9B421E799DF0085C7F7 /* AppDelegate.swift */; };
		99CCC9B721E799DF0085C7F7 /* ImpactViewController.swift in Sources */ = {isa = PBXBuildFile; fileRef = 99CCC9B621E799DF0085C7F7 /* ImpactViewController.swift */; };
		99CCC9BA21E799DF0085C7F7 /* Main.storyboard in Resources */ = {isa = PBXBuildFile; fileRef = 99CCC9B821E799DF0085C7F7 /* Main.storyboard */; };
		99CCC9BC21E799E20085C7F7 /* Assets.xcassets in Resources */ = {isa = PBXBuildFile; fileRef = 99CCC9BB21E799E20085C7F7 /* Assets.xcassets */; };
		99CCC9BF21E799E20085C7F7 /* LaunchScreen.storyboard in Resources */ = {isa = PBXBuildFile; fileRef = 99CCC9BD21E799E20085C7F7 /* LaunchScreen.storyboard */; };
		99CCC9CA21E79CD30085C7F7 /* Default-568h@2x.png in Resources */ = {isa = PBXBuildFile; fileRef = 99CCC9C921E79CD30085C7F7 /* Default-568h@2x.png */; };
/* End PBXBuildFile section */

/* Begin PBXFileReference section */
		99CCC9B121E799DF0085C7F7 /* GlobalImpactApp.app */ = {isa = PBXFileReference; explicitFileType = wrapper.application; includeInIndex = 0; path = GlobalImpactApp.app; sourceTree = BUILT_PRODUCTS_DIR; };
		99CCC9B421E799DF0085C7F7 /* AppDelegate.swift */ = {isa = PBXFileReference; lastKnownFileType = sourcecode.swift; path = AppDelegate.swift; sourceTree = "<group>"; };
		99CCC9B621E799DF0085C7F7 /* ImpactViewController.swift */ = {isa = PBXFileReference; lastKnownFileType = sourcecode.swift; path = ImpactViewController.swift; sourceTree = "<group>"; };
		99CCC9B921E799DF0085C7F7 /* Base */ = {isa = PBXFileReference; lastKnownFileType = file.storyboard; name = Base; path = Base.lproj/Main.storyboard; sourceTree = "<group>"; };
		99CCC9BB21E799E20085C7F7 /* Assets.xcassets */ = {isa = PBXFileReference; lastKnownFileType = folder.assetcatalog; path = Assets.xcassets; sourceTree = "<group>"; };
		99CCC9BE21E799E20085C7F7 /* Base */ = {isa = PBXFileReference; lastKnownFileType = file.storyboard; name = Base; path = Base.lproj/LaunchScreen.storyboard; sourceTree = "<group>"; };
		99CCC9C021E799E20085C7F7 /* Info.plist */ = {isa = PBXFileReference; lastKnownFileType = text.plist.xml; path = Info.plist; sourceTree = "<group>"; };
		99CCC9C921E79CD30085C7F7 /* Default-568h@2x.png */ = {isa = PBXFileReference; lastKnownFileType = image.png; path = "Default-568h@2x.png"; sourceTree = "<group>"; };
/* End PBXFileReference section */

/* Begin PBXFrameworksBuildPhase section */
		99CCC9AE21E799DF0085C7F7 /* Frameworks */ = {
			isa = PBXFrameworksBuildPhase;
			buildActionMask = 2147483647;
			files = (
			);
			runOnlyForDeploymentPostprocessing = 0;
		};
/* End PBXFrameworksBuildPhase section */

/* Begin PBXGroup section */
		99CCC9A821E799DF0085C7F7 = {
			isa = PBXGroup;
			children = (
				99CCC9C921E79CD30085C7F7 /* Default-568h@2x.png */,
				99CCC9B321E799DF0085C7F7 /* GlobalImpactApp */,
				99CCC9B221E799DF0085C7F7 /* Products */,
			);
			sourceTree = "<group>";
		};
		99CCC9B221E799DF0085C7F7 /* Products */ = {
			isa = PBXGroup;
			children = (
				99CCC9B121E799DF0085C7F7 /* GlobalImpactApp.app */,
			);
			name = Products;
			sourceTree = "<group>";
		};
		99CCC9B321E799DF0085C7F7 /* GlobalImpactApp */ = {
			isa = PBXGroup;
			children = (
				99CCC9C721E79A390085C7F7 /* Controller */,
				99CCC9C821E79A5F0085C7F7 /* View */,
				99CCC9C621E79A040085C7F7 /* Resources */,
			);
			path = GlobalImpactApp;
			sourceTree = "<group>";
		};
		99CCC9C621E79A040085C7F7 /* Resources */ = {
			isa = PBXGroup;
			children = (
				99CCC9B421E799DF0085C7F7 /* AppDelegate.swift */,
				99CCC9BB21E799E20085C7F7 /* Assets.xcassets */,
				99CCC9C021E799E20085C7F7 /* Info.plist */,
			);
			path = Resources;
			sourceTree = "<group>";
		};
		99CCC9C721E79A390085C7F7 /* Controller */ = {
			isa = PBXGroup;
			children = (
				99CCC9B621E799DF0085C7F7 /* ImpactViewController.swift */,
			);
			path = Controller;
			sourceTree = "<group>";
		};
		99CCC9C821E79A5F0085C7F7 /* View */ = {
			isa = PBXGroup;
			children = (
				99CCC9BD21E799E20085C7F7 /* LaunchScreen.storyboard */,
				99CCC9B821E799DF0085C7F7 /* Main.storyboard */,
			);
			path = View;
			sourceTree = "<group>";
		};
/* End PBXGroup section */

/* Begin PBXNativeTarget section */
		99CCC9B021E799DF0085C7F7 /* GlobalImpactApp */ = {
			isa = PBXNativeTarget;
			buildConfigurationList = 99CCC9C321E799E20085C7F7 /* Build configuration list for PBXNativeTarget "GlobalImpactApp" */;
			buildPhases = (
				99CCC9AD21E799DF0085C7F7 /* Sources */,
				99CCC9AE21E799DF0085C7F7 /* Frameworks */,
				99CCC9AF21E799DF0085C7F7 /* Resources */,
			);
			buildRules = (
			);
			dependencies = (
			);
			name = GlobalImpactApp;
			productName = GlobalImpactApp;
			productReference = 99CCC9B121E799DF0085C7F7 /* GlobalImpactApp.app */;
			productType = "com.apple.product-type.application";
		};
/* End PBXNativeTarget section */

/* Begin PBXProject section */
		99CCC9A921E799DF0085C7F7 /* Project object */ = {
			isa = PBXProject;
			attributes = {
				LastSwiftUpdateCheck = 1000;
				LastUpgradeCheck = 1000;
				ORGANIZATIONNAME = CTEC;
				TargetAttributes = {
					99CCC9B021E799DF0085C7F7 = {
						CreatedOnToolsVersion = 10.0;
					};
				};
			};
			buildConfigurationList = 99CCC9AC21E799DF0085C7F7 /* Build configuration list for PBXProject "GlobalImpactApp" */;
			compatibilityVersion = "Xcode 9.3";
			developmentRegion = en;
			hasScannedForEncodings = 0;
			knownRegions = (
				en,
				Base,
			);
			mainGroup = 99CCC9A821E799DF0085C7F7;
			productRefGroup = 99CCC9B221E799DF0085C7F7 /* Products */;
			projectDirPath = "";
			projectRoot = "";
			targets = (
				99CCC9B021E799DF0085C7F7 /* GlobalImpactApp */,
			);
		};
/* End PBXProject section */

/* Begin PBXResourcesBuildPhase section */
		99CCC9AF21E799DF0085C7F7 /* Resources */ = {
			isa = PBXResourcesBuildPhase;
			buildActionMask = 2147483647;
			files = (
				99CCC9BF21E799E20085C7F7 /* LaunchScreen.storyboard in Resources */,
				99CCC9CA21E79CD30085C7F7 /* Default-568h@2x.png in Resources */,
				99CCC9BC21E799E20085C7F7 /* Assets.xcassets in Resources */,
				99CCC9BA21E799DF0085C7F7 /* Main.storyboard in Resources */,
			);
			runOnlyForDeploymentPostprocessing = 0;
		};
/* End PBXResourcesBuildPhase section */

/* Begin PBXSourcesBuildPhase section */
		99CCC9AD21E799DF0085C7F7 /* Sources */ = {
			isa = PBXSourcesBuildPhase;
			buildActionMask = 2147483647;
			files = (
				99CCC9B721E799DF0085C7F7 /* ImpactViewController.swift in Sources */,
				99CCC9B521E799DF0085C7F7 /* AppDelegate.swift in Sources */,
			);
			runOnlyForDeploymentPostprocessing = 0;
		};
/* End PBXSourcesBuildPhase section */

/* Begin PBXVariantGroup section */
		99CCC9B821E799DF0085C7F7 /* Main.storyboard */ = {
			isa = PBXVariantGroup;
			children = (
				99CCC9B921E799DF0085C7F7 /* Base */,
			);
			name = Main.storyboard;
			sourceTree = "<group>";
		};
		99CCC9BD21E799E20085C7F7 /* LaunchScreen.storyboard */ = {
			isa = PBXVariantGroup;
			children = (
				99CCC9BE21E799E20085C7F7 /* Base */,
			);
			name = LaunchScreen.storyboard;
			sourceTree = "<group>";
		};
/* End PBXVariantGroup section */

/* Begin XCBuildConfiguration section */
		99CCC9C121E799E20085C7F7 /* Debug */ = {
			isa = XCBuildConfiguration;
			buildSettings = {
				ALWAYS_SEARCH_USER_PATHS = NO;
				CLANG_ANALYZER_NONNULL = YES;
				CLANG_ANALYZER_NUMBER_OBJECT_CONVERSION = YES_AGGRESSIVE;
				CLANG_CXX_LANGUAGE_STANDARD = "gnu++14";
				CLANG_CXX_LIBRARY = "libc++";
				CLANG_ENABLE_MODULES = YES;
				CLANG_ENABLE_OBJC_ARC = YES;
				CLANG_ENABLE_OBJC_WEAK = YES;
				CLANG_WARN_BLOCK_CAPTURE_AUTORELEASING = YES;
				CLANG_WARN_BOOL_CONVERSION = YES;
				CLANG_WARN_COMMA = YES;
				CLANG_WARN_CONSTANT_CONVERSION = YES;
				CLANG_WARN_DEPRECATED_OBJC_IMPLEMENTATIONS = YES;
				CLANG_WARN_DIRECT_OBJC_ISA_USAGE = YES_ERROR;
				CLANG_WARN_DOCUMENTATION_COMMENTS = YES;
				CLANG_WARN_EMPTY_BODY = YES;
				CLANG_WARN_ENUM_CONVERSION = YES;
				CLANG_WARN_INFINITE_RECURSION = YES;
				CLANG_WARN_INT_CONVERSION = YES;
				CLANG_WARN_NON_LITERAL_NULL_CONVERSION = YES;
				CLANG_WARN_OBJC_IMPLICIT_RETAIN_SELF = YES;
				CLANG_WARN_OBJC_LITERAL_CONVERSION = YES;
				CLANG_WARN_OBJC_ROOT_CLASS = YES_ERROR;
				CLANG_WARN_RANGE_LOOP_ANALYSIS = YES;
				CLANG_WARN_STRICT_PROTOTYPES = YES;
				CLANG_WARN_SUSPICIOUS_MOVE = YES;
				CLANG_WARN_UNGUARDED_AVAILABILITY = YES_AGGRESSIVE;
				CLANG_WARN_UNREACHABLE_CODE = YES;
				CLANG_WARN__DUPLICATE_METHOD_MATCH = YES;
				CODE_SIGN_IDENTITY = "iPhone Developer";
				COPY_PHASE_STRIP = NO;
				DEBUG_INFORMATION_FORMAT = dwarf;
				ENABLE_STRICT_OBJC_MSGSEND = YES;
				ENABLE_TESTABILITY = YES;
				GCC_C_LANGUAGE_STANDARD = gnu11;
				GCC_DYNAMIC_NO_PIC = NO;
				GCC_NO_COMMON_BLOCKS = YES;
				GCC_OPTIMIZATION_LEVEL = 0;
				GCC_PREPROCESSOR_DEFINITIONS = (
					"DEBUG=1",
					"$(inherited)",
				);
				GCC_WARN_64_TO_32_BIT_CONVERSION = YES;
				GCC_WARN_ABOUT_RETURN_TYPE = YES_ERROR;
				GCC_WARN_UNDECLARED_SELECTOR = YES;
				GCC_WARN_UNINITIALIZED_AUTOS = YES_AGGRESSIVE;
				GCC_WARN_UNUSED_FUNCTION = YES;
				GCC_WARN_UNUSED_VARIABLE = YES;
				IPHONEOS_DEPLOYMENT_TARGET = 12.0;
				MTL_ENABLE_DEBUG_INFO = INCLUDE_SOURCE;
				MTL_FAST_MATH = YES;
				ONLY_ACTIVE_ARCH = YES;
				SDKROOT = iphoneos;
				SWIFT_ACTIVE_COMPILATION_CONDITIONS = DEBUG;
				SWIFT_OPTIMIZATION_LEVEL = "-Onone";
			};
			name = Debug;
		};
		99CCC9C221E799E20085C7F7 /* Release */ = {
			isa = XCBuildConfiguration;
			buildSettings = {
				ALWAYS_SEARCH_USER_PATHS = NO;
				CLANG_ANALYZER_NONNULL = YES;
				CLANG_ANALYZER_NUMBER_OBJECT_CONVERSION = YES_AGGRESSIVE;
				CLANG_CXX_LANGUAGE_STANDARD = "gnu++14";
				CLANG_CXX_LIBRARY = "libc++";
				CLANG_ENABLE_MODULES = YES;
				CLANG_ENABLE_OBJC_ARC = YES;
				CLANG_ENABLE_OBJC_WEAK = YES;
				CLANG_WARN_BLOCK_CAPTURE_AUTORELEASING = YES;
				CLANG_WARN_BOOL_CONVERSION = YES;
				CLANG_WARN_COMMA = YES;
				CLANG_WARN_CONSTANT_CONVERSION = YES;
				CLANG_WARN_DEPRECATED_OBJC_IMPLEMENTATIONS = YES;
				CLANG_WARN_DIRECT_OBJC_ISA_USAGE = YES_ERROR;
				CLANG_WARN_DOCUMENTATION_COMMENTS = YES;
				CLANG_WARN_EMPTY_BODY = YES;
				CLANG_WARN_ENUM_CONVERSION = YES;
				CLANG_WARN_INFINITE_RECURSION = YES;
				CLANG_WARN_INT_CONVERSION = YES;
				CLANG_WARN_NON_LITERAL_NULL_CONVERSION = YES;
				CLANG_WARN_OBJC_IMPLICIT_RETAIN_SELF = YES;
				CLANG_WARN_OBJC_LITERAL_CONVERSION = YES;
				CLANG_WARN_OBJC_ROOT_CLASS = YES_ERROR;
				CLANG_WARN_RANGE_LOOP_ANALYSIS = YES;
				CLANG_WARN_STRICT_PROTOTYPES = YES;
				CLANG_WARN_SUSPICIOUS_MOVE = YES;
				CLANG_WARN_UNGUARDED_AVAILABILITY = YES_AGGRESSIVE;
				CLANG_WARN_UNREACHABLE_CODE = YES;
				CLANG_WARN__DUPLICATE_METHOD_MATCH = YES;
				CODE_SIGN_IDENTITY = "iPhone Developer";
				COPY_PHASE_STRIP = NO;
				DEBUG_INFORMATION_FORMAT = "dwarf-with-dsym";
				ENABLE_NS_ASSERTIONS = NO;
				ENABLE_STRICT_OBJC_MSGSEND = YES;
				GCC_C_LANGUAGE_STANDARD = gnu11;
				GCC_NO_COMMON_BLOCKS = YES;
				GCC_WARN_64_TO_32_BIT_CONVERSION = YES;
				GCC_WARN_ABOUT_RETURN_TYPE = YES_ERROR;
				GCC_WARN_UNDECLARED_SELECTOR = YES;
				GCC_WARN_UNINITIALIZED_AUTOS = YES_AGGRESSIVE;
				GCC_WARN_UNUSED_FUNCTION = YES;
				GCC_WARN_UNUSED_VARIABLE = YES;
				IPHONEOS_DEPLOYMENT_TARGET = 12.0;
				MTL_ENABLE_DEBUG_INFO = NO;
				MTL_FAST_MATH = YES;
				SDKROOT = iphoneos;
				SWIFT_COMPILATION_MODE = wholemodule;
				SWIFT_OPTIMIZATION_LEVEL = "-O";
				VALIDATE_PRODUCT = YES;
			};
			name = Release;
		};
		99CCC9C421E799E20085C7F7 /* Debug */ = {
			isa = XCBuildConfiguration;
			buildSettings = {
				ASSETCATALOG_COMPILER_APPICON_NAME = AppIcon;
				CODE_SIGN_STYLE = Automatic;
				INFOPLIST_FILE = "$(SRCROOT)/GlobalImpactApp/Resources/Info.plist";
				LD_RUNPATH_SEARCH_PATHS = (
					"$(inherited)",
					"@executable_path/Frameworks",
				);
				PRODUCT_BUNDLE_IDENTIFIER = CTEC.GlobalImpactApp;
				PRODUCT_NAME = "$(TARGET_NAME)";
				SWIFT_VERSION = 4.2;
				TARGETED_DEVICE_FAMILY = "1,2";
			};
			name = Debug;
		};
		99CCC9C521E799E20085C7F7 /* Release */ = {
			isa = XCBuildConfiguration;
			buildSettings = {
				ASSETCATALOG_COMPILER_APPICON_NAME = AppIcon;
				CODE_SIGN_STYLE = Automatic;
				INFOPLIST_FILE = "$(SRCROOT)/GlobalImpactApp/Resources/Info.plist";
				LD_RUNPATH_SEARCH_PATHS = (
					"$(inherited)",
					"@executable_path/Frameworks",
				);
				PRODUCT_BUNDLE_IDENTIFIER = CTEC.GlobalImpactApp;
				PRODUCT_NAME = "$(TARGET_NAME)";
				SWIFT_VERSION = 4.2;
				TARGETED_DEVICE_FAMILY = "1,2";
			};
			name = Release;
		};
/* End XCBuildConfiguration section */

/* Begin XCConfigurationList section */
		99CCC9AC21E799DF0085C7F7 /* Build configuration list for PBXProject "GlobalImpactApp" */ = {
			isa = XCConfigurationList;
			buildConfigurations = (
				99CCC9C121E799E20085C7F7 /* Debug */,
				99CCC9C221E799E20085C7F7 /* Release */,
			);
			defaultConfigurationIsVisible = 0;
			defaultConfigurationName = Release;
		};
		99CCC9C321E799E20085C7F7 /* Build configuration list for PBXNativeTarget "GlobalImpactApp" */ = {
			isa = XCConfigurationList;
			buildConfigurations = (
				99CCC9C421E799E20085C7F7 /* Debug */,
				99CCC9C521E799E20085C7F7 /* Release */,
			);
			defaultConfigurationIsVisible = 0;
			defaultConfigurationName = Release;
		};
/* End XCConfigurationList section */
	};
	rootObject = 99CCC9A921E799DF0085C7F7 /* Project object */;
}
